<?xml version="1.0" encoding="utf-8"?>
<Project ToolsVersion="12.0" xmlns="http://schemas.microsoft.com/developer/msbuild/2003">
  <ItemGroup>
    <Filter Include="Resource Files">
      <UniqueIdentifier>{67DA6AB6-F800-4c08-8B7A-83BB121AAD01}</UniqueIdentifier>
      <Extensions>rc;ico;cur;bmp;dlg;rc2;rct;bin;rgs;gif;jpg;jpeg;jpe;resx;tga;tiff;tif;png;wav;mfcribbon-ms</Extensions>
    </Filter>
    <Filter Include="Core">
      <UniqueIdentifier>{42dcc349-fc07-4ae9-9482-05ad64c40f8f}</UniqueIdentifier>
    </Filter>
    <Filter Include="Pipeline Stages">
      <UniqueIdentifier>{a6a11137-822c-4588-b4c0-dffd28309a36}</UniqueIdentifier>
    </Filter>
    <Filter Include="Pipeline Resources">
      <UniqueIdentifier>{dd259dde-dfb2-4ae5-aae6-7618452d075f}</UniqueIdentifier>
    </Filter>
    <Filter Include="Scene">
      <UniqueIdentifier>{4775ca2c-2d49-4fd9-8c9a-44ac0e994618}</UniqueIdentifier>
    </Filter>
    <Filter Include="Pipeline Stages\Shaders">
      <UniqueIdentifier>{18207ef2-0162-440f-97e5-2b444c1ab6a5}</UniqueIdentifier>
    </Filter>
    <Filter Include="Pipeline Resources\Buffers">
      <UniqueIdentifier>{34a22a44-8dae-4318-a4f2-3c8cc9031cc6}</UniqueIdentifier>
    </Filter>
    <Filter Include="Pipeline Resources\Textures">
      <UniqueIdentifier>{d06ef2ee-8cfb-40b1-b686-7934899ceb72}</UniqueIdentifier>
    </Filter>
    <Filter Include="Scene\Cameras">
      <UniqueIdentifier>{153fd00f-ce8d-4b34-abea-abae8344b5b0}</UniqueIdentifier>
    </Filter>
    <Filter Include="Scene\Transforms">
      <UniqueIdentifier>{53d3882c-6170-4b5d-b88d-0554796c6f88}</UniqueIdentifier>
    </Filter>
    <Filter Include="Third Party">
      <UniqueIdentifier>{fdd6d2f0-0faa-4548-a045-356908784ea4}</UniqueIdentifier>
    </Filter>
    <Filter Include="Core\Common">
      <UniqueIdentifier>{f46fb24b-265f-424d-86d9-535d0028990d}</UniqueIdentifier>
    </Filter>
    <Filter Include="Core\Content">
      <UniqueIdentifier>{2deb102e-e120-4607-aa81-cb5a014ceb8a}</UniqueIdentifier>
    </Filter>
    <Filter Include="Models">
      <UniqueIdentifier>{4053cc39-ff29-4053-a289-fbfa0e080a84}</UniqueIdentifier>
    </Filter>
    <Filter Include="Models\Basic Shapes">
      <UniqueIdentifier>{9286713c-9ef6-4ea0-800b-e38f7250fe9c}</UniqueIdentifier>
    </Filter>
    <Filter Include="Models\Standard Models">
      <UniqueIdentifier>{f9e707c5-2a86-4c3b-862f-eb6608ea30ab}</UniqueIdentifier>
    </Filter>
    <Filter Include="Third Party\DirectX Tool Kit">
      <UniqueIdentifier>{937739d5-1276-41f0-b5ba-30b11f7f9707}</UniqueIdentifier>
    </Filter>
    <Filter Include="Lighting">
      <UniqueIdentifier>{b5d7e050-e45d-4283-a9cc-a857dd74474e}</UniqueIdentifier>
    </Filter>
    <Filter Include="Lighting\HLSL">
      <UniqueIdentifier>{7737479e-8ea6-4075-913b-d6eb05723cc5}</UniqueIdentifier>
    </Filter>
    <Filter Include="Third Party\DirectX Tool Kit\DDS">
      <UniqueIdentifier>{05ae7b59-ff4e-4d56-97aa-85394a52771d}</UniqueIdentifier>
    </Filter>
    <Filter Include="Third Party\WIC">
      <UniqueIdentifier>{53f307d1-1830-4f59-a6db-7e29968e820c}</UniqueIdentifier>
    </Filter>
    <Filter Include="Scene\Input">
      <UniqueIdentifier>{30762c2b-3175-4318-a08c-f82052827f99}</UniqueIdentifier>
    </Filter>
    <Filter Include="Models\Generated Shapes">
      <UniqueIdentifier>{ad6734d5-9dc2-4a04-ad1a-1f541bc2fe1b}</UniqueIdentifier>
    </Filter>
    <Filter Include="Repository">
      <UniqueIdentifier>{62704461-bb39-4e7e-a996-03270593ebdd}</UniqueIdentifier>
    </Filter>
    <Filter Include="Repository\OctreeLib">
      <UniqueIdentifier>{0311aa5d-1993-4b63-b24d-4ef393d36d33}</UniqueIdentifier>
    </Filter>
    <Filter Include="Repository\OctreeLib\Octree">
      <UniqueIdentifier>{852bb7aa-e20c-45bd-84aa-d19b488683a5}</UniqueIdentifier>
    </Filter>
  </ItemGroup>
  <ItemGroup>
    <ClCompile Include="pch.cpp" />
    <ClCompile Include="Core\App.cpp">
      <Filter>Core</Filter>
    </ClCompile>
    <ClCompile Include="Core\Engine Main.cpp">
      <Filter>Core</Filter>
    </ClCompile>
    <ClCompile Include="Core\Common\DeviceResources.cpp">
      <Filter>Core\Common</Filter>
    </ClCompile>
    <ClCompile Include="Core\Content\SampleFpsTextRenderer.cpp">
      <Filter>Core\Content</Filter>
    </ClCompile>
    <ClCompile Include="Third Party\DirectX Tool Kit\VertexTypes.cpp">
      <Filter>Third Party\DirectX Tool Kit</Filter>
    </ClCompile>
    <ClCompile Include="Core\Content\RendererBase3D.cpp">
      <Filter>Core\Content</Filter>
    </ClCompile>
    <ClCompile Include="Third Party\DirectX Tool Kit\DDS\DDSTextureLoader.cpp">
      <Filter>Third Party\DirectX Tool Kit\DDS</Filter>
    </ClCompile>
    <ClCompile Include="Pipeline Resources\Textures\Texture2D.cpp">
      <Filter>Pipeline Resources\Textures</Filter>
    </ClCompile>
    <ClCompile Include="Pipeline Stages\State Factory.cpp">
      <Filter>Pipeline Stages</Filter>
    </ClCompile>
    <ClCompile Include="Pipeline Resources\Resource Factory.cpp">
      <Filter>Pipeline Resources</Filter>
    </ClCompile>
    <ClCompile Include="Third Party\DirectX Tool Kit\WIC\WICTextureLoader.cpp">
      <Filter>Third Party\WIC</Filter>
    </ClCompile>
    <ClCompile Include="Scene\Cameras\FirstPerson Camera.cpp">
      <Filter>Scene\Cameras</Filter>
    </ClCompile>
    <ClCompile Include="Scene\Input\Input Controller.cpp">
      <Filter>Scene\Input</Filter>
    </ClCompile>
    <ClCompile Include="Repository\OctreeLib\Octree\Octree.cpp">
      <Filter>Repository\OctreeLib\Octree</Filter>
    </ClCompile>
    <ClCompile Include="Repository\OctreeLib\Octree\OctreeHandler.cpp">
      <Filter>Repository\OctreeLib\Octree</Filter>
    </ClCompile>
    <ClCompile Include="Repository\OctreeLib\Octree\OctreeLeaf.cpp">
      <Filter>Repository\OctreeLib\Octree</Filter>
    </ClCompile>
    <ClCompile Include="Repository\Repository.cpp">
      <Filter>Repository</Filter>
    </ClCompile>
  </ItemGroup>
  <ItemGroup>
    <ClInclude Include="pch.h" />
    <ClInclude Include="targetver.h" />
    <ClInclude Include="Core\App.h">
      <Filter>Core</Filter>
    </ClInclude>
    <ClInclude Include="Core\Engine Main.h">
      <Filter>Core</Filter>
    </ClInclude>
    <ClInclude Include="Core\Common\DeviceResources.h">
      <Filter>Core\Common</Filter>
    </ClInclude>
    <ClInclude Include="Core\Common\DirectXHelper.h">
      <Filter>Core\Common</Filter>
    </ClInclude>
    <ClInclude Include="Core\Common\StepTimer.h">
      <Filter>Core\Common</Filter>
    </ClInclude>
    <ClInclude Include="Core\Content\SampleFpsTextRenderer.h">
      <Filter>Core\Content</Filter>
    </ClInclude>
    <ClInclude Include="Core\Content\RendererBase3D.h">
      <Filter>Core\Content</Filter>
    </ClInclude>
    <ClInclude Include="Third Party\DirectX Tool Kit\VertexTypes.h">
      <Filter>Third Party\DirectX Tool Kit</Filter>
    </ClInclude>
    <ClInclude Include="Pipeline Resources\Buffers\Buffer Base.h">
      <Filter>Pipeline Resources\Buffers</Filter>
    </ClInclude>
    <ClInclude Include="Pipeline Resources\Buffers\Vertex Buffer.h">
      <Filter>Pipeline Resources\Buffers</Filter>
    </ClInclude>
    <ClInclude Include="Utilities.h" />
    <ClInclude Include="Pipeline Resources\Buffers\Index Buffer.h">
      <Filter>Pipeline Resources\Buffers</Filter>
    </ClInclude>
    <ClInclude Include="Pipeline Resources\Buffers\Constant Buffer.h">
      <Filter>Pipeline Resources\Buffers</Filter>
    </ClInclude>
    <ClInclude Include="Pipeline Stages\Shaders\Shader Base.h">
      <Filter>Pipeline Stages\Shaders</Filter>
    </ClInclude>
    <ClInclude Include="Pipeline Stages\Shaders\Vertex Shader.h">
      <Filter>Pipeline Stages\Shaders</Filter>
    </ClInclude>
    <ClInclude Include="Pipeline Stages\Shaders\Pixel Shader.h">
      <Filter>Pipeline Stages\Shaders</Filter>
    </ClInclude>
    <ClInclude Include="Models\Mesh Base.h">
      <Filter>Models</Filter>
    </ClInclude>
    <ClInclude Include="Models\Basic Shapes\Pyramids.h">
      <Filter>Models\Basic Shapes</Filter>
    </ClInclude>
    <ClInclude Include="Helpers.h" />
    <ClInclude Include="Core\Common\SwapChainDescription.h">
      <Filter>Core\Common</Filter>
    </ClInclude>
    <ClInclude Include="Scene\Transforms\Data Transfer.h">
      <Filter>Scene\Transforms</Filter>
    </ClInclude>
    <ClInclude Include="Scene\Transforms\Projection Transform.h">
      <Filter>Scene\Transforms</Filter>
    </ClInclude>
    <ClInclude Include="Scene\Transforms\View Transform.h">
      <Filter>Scene\Transforms</Filter>
    </ClInclude>
    <ClInclude Include="Scene\Transforms\World Transforms.h">
      <Filter>Scene\Transforms</Filter>
    </ClInclude>
    <ClInclude Include="Models\Basic Shapes\Cubes.h">
      <Filter>Models\Basic Shapes</Filter>
    </ClInclude>
    <ClInclude Include="Models\Basic Shapes\Triangles.h">
      <Filter>Models\Basic Shapes</Filter>
    </ClInclude>
    <ClInclude Include="Models\Explicit Surface.h">
      <Filter>Models</Filter>
    </ClInclude>
    <ClInclude Include="Core\Application Factory.h">
      <Filter>Core</Filter>
    </ClInclude>
    <ClInclude Include="Lighting\Light Base.h">
      <Filter>Lighting</Filter>
    </ClInclude>
    <ClInclude Include="Lighting\Directional Light.h">
      <Filter>Lighting</Filter>
    </ClInclude>
    <ClInclude Include="Lighting\Material.h">
      <Filter>Lighting</Filter>
    </ClInclude>
    <ClInclude Include="Scene\Transforms\Position.h">
      <Filter>Scene\Transforms</Filter>
    </ClInclude>
    <ClInclude Include="Third Party\DirectX Tool Kit\DDS\DDS.h">
      <Filter>Third Party\DirectX Tool Kit\DDS</Filter>
    </ClInclude>
    <ClInclude Include="Third Party\DirectX Tool Kit\DDS\DDSTextureLoader.h">
      <Filter>Third Party\DirectX Tool Kit\DDS</Filter>
    </ClInclude>
    <ClInclude Include="Third Party\DirectX Tool Kit\DDS\PlatformHelpers.h">
      <Filter>Third Party\DirectX Tool Kit\DDS</Filter>
    </ClInclude>
    <ClInclude Include="Pipeline Resources\Textures\Texture Base.h">
      <Filter>Pipeline Resources\Textures</Filter>
    </ClInclude>
    <ClInclude Include="Pipeline Resources\Textures\Texture2D.h">
      <Filter>Pipeline Resources\Textures</Filter>
    </ClInclude>
    <ClInclude Include="Pipeline Stages\State Factory.h">
      <Filter>Pipeline Stages</Filter>
    </ClInclude>
    <ClInclude Include="Pipeline Resources\Resource Factory.h">
      <Filter>Pipeline Resources</Filter>
    </ClInclude>
    <ClInclude Include="Third Party\DirectX Tool Kit\WIC\WICTextureLoader.h">
      <Filter>Third Party\WIC</Filter>
    </ClInclude>
    <ClInclude Include="Scene\Cameras\Camera Base.h">
      <Filter>Scene\Cameras</Filter>
    </ClInclude>
    <ClInclude Include="Scene\Cameras\FirstPerson Camera.h">
      <Filter>Scene\Cameras</Filter>
    </ClInclude>
    <ClInclude Include="Scene\Input\Input Controller.h">
      <Filter>Scene\Input</Filter>
    </ClInclude>
    <ClInclude Include="Scene\Input\Keyboard.h">
      <Filter>Scene\Input</Filter>
    </ClInclude>
    <ClInclude Include="Scene\Input\Pointer.h">
      <Filter>Scene\Input</Filter>
    </ClInclude>
    <ClInclude Include="Models\Generated Shapes\Grid.h">
      <Filter>Models\Generated Shapes</Filter>
    </ClInclude>
    <ClInclude Include="Repository\OctreeLib\Octree\Octree.h">
      <Filter>Repository\OctreeLib\Octree</Filter>
    </ClInclude>
    <ClInclude Include="Repository\OctreeLib\Octree\OctreeHandler.h">
      <Filter>Repository\OctreeLib\Octree</Filter>
    </ClInclude>
    <ClInclude Include="Repository\OctreeLib\Octree\OctreeLeaf.h">
      <Filter>Repository\OctreeLib\Octree</Filter>
    </ClInclude>
    <ClInclude Include="Repository\Repository.h">
      <Filter>Repository</Filter>
    </ClInclude>
  </ItemGroup>
  <ItemGroup>
    <None Include="Lighting\HLSL\Directional Light.hlsli">
      <Filter>Lighting\HLSL</Filter>
    </None>
    <None Include="Lighting\HLSL\Material.hlsli">
      <Filter>Lighting\HLSL</Filter>
    </None>
  </ItemGroup>
</Project>